// !$*UTF8*$!
{
	archiveVersion = 1;
	classes = {
	};
	objectVersion = 46;
	objects = {

/* Begin PBXBuildFile section */
		D7078DBA1DD9F89C006FEC33 /* AppDelegate.swift in Sources */ = {isa = PBXBuildFile; fileRef = D7078DB91DD9F89C006FEC33 /* AppDelegate.swift */; };
		D7078DBC1DD9F89C006FEC33 /* ViewController.swift in Sources */ = {isa = PBXBuildFile; fileRef = D7078DBB1DD9F89C006FEC33 /* ViewController.swift */; };
		D7078DBF1DD9F89C006FEC33 /* Main.storyboard in Resources */ = {isa = PBXBuildFile; fileRef = D7078DBD1DD9F89C006FEC33 /* Main.storyboard */; };
		D7078DC11DD9F89C006FEC33 /* Assets.xcassets in Resources */ = {isa = PBXBuildFile; fileRef = D7078DC01DD9F89C006FEC33 /* Assets.xcassets */; };
		D7078DC41DD9F89C006FEC33 /* LaunchScreen.storyboard in Resources */ = {isa = PBXBuildFile; fileRef = D7078DC21DD9F89C006FEC33 /* LaunchScreen.storyboard */; };
		D7078DCF1DD9F89C006FEC33 /* rogNoteTests.swift in Sources */ = {isa = PBXBuildFile; fileRef = D7078DCE1DD9F89C006FEC33 /* rogNoteTests.swift */; };
		D7078DDA1DD9F89C006FEC33 /* rogNoteUITests.swift in Sources */ = {isa = PBXBuildFile; fileRef = D7078DD91DD9F89C006FEC33 /* rogNoteUITests.swift */; };
/* End PBXBuildFile section */

/* Begin PBXContainerItemProxy section */
		D7078DCB1DD9F89C006FEC33 /* PBXContainerItemProxy */ = {
			isa = PBXContainerItemProxy;
			containerPortal = D7078DAE1DD9F89C006FEC33 /* Project object */;
			proxyType = 1;
			remoteGlobalIDString = D7078DB51DD9F89C006FEC33;
			remoteInfo = rogNote;
		};
		D7078DD61DD9F89C006FEC33 /* PBXContainerItemProxy */ = {
			isa = PBXContainerItemProxy;
			containerPortal = D7078DAE1DD9F89C006FEC33 /* Project object */;
			proxyType = 1;
			remoteGlobalIDString = D7078DB51DD9F89C006FEC33;
			remoteInfo = rogNote;
		};
/* End PBXContainerItemProxy section */

/* Begin PBXFileReference section */
		D7078DB61DD9F89C006FEC33 /* rogNote.app */ = {isa = PBXFileReference; explicitFileType = wrapper.application; includeInIndex = 0; path = rogNote.app; sourceTree = BUILT_PRODUCTS_DIR; };
		D7078DB91DD9F89C006FEC33 /* AppDelegate.swift */ = {isa = PBXFileReference; lastKnownFileType = sourcecode.swift; path = AppDelegate.swift; sourceTree = "<group>"; };
		D7078DBB1DD9F89C006FEC33 /* ViewController.swift */ = {isa = PBXFileReference; lastKnownFileType = sourcecode.swift; path = ViewController.swift; sourceTree = "<group>"; };
		D7078DBE1DD9F89C006FEC33 /* Base */ = {isa = PBXFileReference; lastKnownFileType = file.storyboard; name = Base; path = Base.lproj/Main.storyboard; sourceTree = "<group>"; };
		D7078DC01DD9F89C006FEC33 /* Assets.xcassets */ = {isa = PBXFileReference; lastKnownFileType = folder.assetcatalog; path = Assets.xcassets; sourceTree = "<group>"; };
		D7078DC31DD9F89C006FEC33 /* Base */ = {isa = PBXFileReference; lastKnownFileType = file.storyboard; name = Base; path = Base.lproj/LaunchScreen.storyboard; sourceTree = "<group>"; };
		D7078DC51DD9F89C006FEC33 /* Info.plist */ = {isa = PBXFileReference; lastKnownFileType = text.plist.xml; path = Info.plist; sourceTree = "<group>"; };
		D7078DCA1DD9F89C006FEC33 /* rogNoteTests.xctest */ = {isa = PBXFileReference; explicitFileType = wrapper.cfbundle; includeInIndex = 0; path = rogNoteTests.xctest; sourceTree = BUILT_PRODUCTS_DIR; };
		D7078DCE1DD9F89C006FEC33 /* rogNoteTests.swift */ = {isa = PBXFileReference; lastKnownFileType = sourcecode.swift; path = rogNoteTests.swift; sourceTree = "<group>"; };
		D7078DD01DD9F89C006FEC33 /* Info.plist */ = {isa = PBXFileReference; lastKnownFileType = text.plist.xml; path = Info.plist; sourceTree = "<group>"; };
		D7078DD51DD9F89C006FEC33 /* rogNoteUITests.xctest */ = {isa = PBXFileReference; explicitFileType = wrapper.cfbundle; includeInIndex = 0; path = rogNoteUITests.xctest; sourceTree = BUILT_PRODUCTS_DIR; };
		D7078DD91DD9F89C006FEC33 /* rogNoteUITests.swift */ = {isa = PBXFileReference; lastKnownFileType = sourcecode.swift; path = rogNoteUITests.swift; sourceTree = "<group>"; };
		D7078DDB1DD9F89C006FEC33 /* Info.plist */ = {isa = PBXFileReference; lastKnownFileType = text.plist.xml; path = Info.plist; sourceTree = "<group>"; };
/* End PBXFileReference section */

/* Begin PBXFrameworksBuildPhase section */
		D7078DB31DD9F89C006FEC33 /* Frameworks */ = {
			isa = PBXFrameworksBuildPhase;
			buildActionMask = 2147483647;
			files = (
			);
			runOnlyForDeploymentPostprocessing = 0;
		};
		D7078DC71DD9F89C006FEC33 /* Frameworks */ = {
			isa = PBXFrameworksBuildPhase;
			buildActionMask = 2147483647;
			files = (
			);
			runOnlyForDeploymentPostprocessing = 0;
		};
		D7078DD21DD9F89C006FEC33 /* Frameworks */ = {
			isa = PBXFrameworksBuildPhase;
			buildActionMask = 2147483647;
			files = (
			);
			runOnlyForDeploymentPostprocessing = 0;
		};
/* End PBXFrameworksBuildPhase section */

/* Begin PBXGroup section */
		D7078DAD1DD9F89C006FEC33 = {
			isa = PBXGroup;
			children = (
				D7078DB81DD9F89C006FEC33 /* rogNote */,
				D7078DCD1DD9F89C006FEC33 /* rogNoteTests */,
				D7078DD81DD9F89C006FEC33 /* rogNoteUITests */,
				D7078DB71DD9F89C006FEC33 /* Products */,
			);
			sourceTree = "<group>";
		};
		D7078DB71DD9F89C006FEC33 /* Products */ = {
			isa = PBXGroup;
			children = (
				D7078DB61DD9F89C006FEC33 /* rogNote.app */,
				D7078DCA1DD9F89C006FEC33 /* rogNoteTests.xctest */,
				D7078DD51DD9F89C006FEC33 /* rogNoteUITests.xctest */,
			);
			name = Products;
			sourceTree = "<group>";
		};
		D7078DB81DD9F89C006FEC33 /* rogNote */ = {
			isa = PBXGroup;
			children = (
				D7078DB91DD9F89C006FEC33 /* AppDelegate.swift */,
				D7078DBB1DD9F89C006FEC33 /* ViewController.swift */,
				D7078DBD1DD9F89C006FEC33 /* Main.storyboard */,
				D7078DC01DD9F89C006FEC33 /* Assets.xcassets */,
				D7078DC21DD9F89C006FEC33 /* LaunchScreen.storyboard */,
				D7078DC51DD9F89C006FEC33 /* Info.plist */,
			);
			path = rogNote;
			sourceTree = "<group>";
		};
		D7078DCD1DD9F89C006FEC33 /* rogNoteTests */ = {
			isa = PBXGroup;
			children = (
				D7078DCE1DD9F89C006FEC33 /* rogNoteTests.swift */,
				D7078DD01DD9F89C006FEC33 /* Info.plist */,
			);
			path = rogNoteTests;
			sourceTree = "<group>";
		};
		D7078DD81DD9F89C006FEC33 /* rogNoteUITests */ = {
			isa = PBXGroup;
			children = (
				D7078DD91DD9F89C006FEC33 /* rogNoteUITests.swift */,
				D7078DDB1DD9F89C006FEC33 /* Info.plist */,
			);
			path = rogNoteUITests;
			sourceTree = "<group>";
		};
/* End PBXGroup section */

/* Begin PBXNativeTarget section */
		D7078DB51DD9F89C006FEC33 /* rogNote */ = {
			isa = PBXNativeTarget;
			buildConfigurationList = D7078DDE1DD9F89C006FEC33 /* Build configuration list for PBXNativeTarget "rogNote" */;
			buildPhases = (
				D7078DB21DD9F89C006FEC33 /* Sources */,
				D7078DB31DD9F89C006FEC33 /* Frameworks */,
				D7078DB41DD9F89C006FEC33 /* Resources */,
			);
			buildRules = (
			);
			dependencies = (
			);
			name = rogNote;
			productName = rogNote;
			productReference = D7078DB61DD9F89C006FEC33 /* rogNote.app */;
			productType = "com.apple.product-type.application";
		};
		D7078DC91DD9F89C006FEC33 /* rogNoteTests */ = {
			isa = PBXNativeTarget;
			buildConfigurationList = D7078DE11DD9F89C006FEC33 /* Build configuration list for PBXNativeTarget "rogNoteTests" */;
			buildPhases = (
				D7078DC61DD9F89C006FEC33 /* Sources */,
				D7078DC71DD9F89C006FEC33 /* Frameworks */,
				D7078DC81DD9F89C006FEC33 /* Resources */,
			);
			buildRules = (
			);
			dependencies = (
				D7078DCC1DD9F89C006FEC33 /* PBXTargetDependency */,
			);
			name = rogNoteTests;
			productName = rogNoteTests;
			productReference = D7078DCA1DD9F89C006FEC33 /* rogNoteTests.xctest */;
			productType = "com.apple.product-type.bundle.unit-test";
		};
		D7078DD41DD9F89C006FEC33 /* rogNoteUITests */ = {
			isa = PBXNativeTarget;
			buildConfigurationList = D7078DE41DD9F89C006FEC33 /* Build configuration list for PBXNativeTarget "rogNoteUITests" */;
			buildPhases = (
				D7078DD11DD9F89C006FEC33 /* Sources */,
				D7078DD21DD9F89C006FEC33 /* Frameworks */,
				D7078DD31DD9F89C006FEC33 /* Resources */,
			);
			buildRules = (
			);
			dependencies = (
				D7078DD71DD9F89C006FEC33 /* PBXTargetDependency */,
			);
			name = rogNoteUITests;
			productName = rogNoteUITests;
			productReference = D7078DD51DD9F89C006FEC33 /* rogNoteUITests.xctest */;
			productType = "com.apple.product-type.bundle.ui-testing";
		};
/* End PBXNativeTarget section */

/* Begin PBXProject section */
		D7078DAE1DD9F89C006FEC33 /* Project object */ = {
			isa = PBXProject;
			attributes = {
				LastSwiftUpdateCheck = 0800;
				LastUpgradeCheck = 0800;
				ORGANIZATIONNAME = "Kento Suzuki";
				TargetAttributes = {
					D7078DB51DD9F89C006FEC33 = {
						CreatedOnToolsVersion = 8.0;
						ProvisioningStyle = Automatic;
					};
					D7078DC91DD9F89C006FEC33 = {
						CreatedOnToolsVersion = 8.0;
						ProvisioningStyle = Automatic;
						TestTargetID = D7078DB51DD9F89C006FEC33;
					};
					D7078DD41DD9F89C006FEC33 = {
						CreatedOnToolsVersion = 8.0;
						ProvisioningStyle = Automatic;
						TestTargetID = D7078DB51DD9F89C006FEC33;
					};
				};
			};
			buildConfigurationList = D7078DB11DD9F89C006FEC33 /* Build configuration list for PBXProject "rogNote" */;
			compatibilityVersion = "Xcode 3.2";
			developmentRegion = English;
			hasScannedForEncodings = 0;
			knownRegions = (
				en,
				Base,
			);
			mainGroup = D7078DAD1DD9F89C006FEC33;
			productRefGroup = D7078DB71DD9F89C006FEC33 /* Products */;
			projectDirPath = "";
			projectRoot = "";
			targets = (
				D7078DB51DD9F89C006FEC33 /* rogNote */,
				D7078DC91DD9F89C006FEC33 /* rogNoteTests */,
				D7078DD41DD9F89C006FEC33 /* rogNoteUITests */,
			);
		};
/* End PBXProject section */

/* Begin PBXResourcesBuildPhase section */
		D7078DB41DD9F89C006FEC33 /* Resources */ = {
			isa = PBXResourcesBuildPhase;
			buildActionMask = 2147483647;
			files = (
				D7078DC41DD9F89C006FEC33 /* LaunchScreen.storyboard in Resources */,
				D7078DC11DD9F89C006FEC33 /* Assets.xcassets in Resources */,
				D7078DBF1DD9F89C006FEC33 /* Main.storyboard in Resources */,
			);
			runOnlyForDeploymentPostprocessing = 0;
		};
		D7078DC81DD9F89C006FEC33 /* Resources */ = {
			isa = PBXResourcesBuildPhase;
			buildActionMask = 2147483647;
			files = (
			);
			runOnlyForDeploymentPostprocessing = 0;
		};
		D7078DD31DD9F89C006FEC33 /* Resources */ = {
			isa = PBXResourcesBuildPhase;
			buildActionMask = 2147483647;
			files = (
			);
			runOnlyForDeploymentPostprocessing = 0;
		};
/* End PBXResourcesBuildPhase section */

/* Begin PBXSourcesBuildPhase section */
		D7078DB21DD9F89C006FEC33 /* Sources */ = {
			isa = PBXSourcesBuildPhase;
			buildActionMask = 2147483647;
			files = (
				D7078DBC1DD9F89C006FEC33 /* ViewController.swift in Sources */,
				D7078DBA1DD9F89C006FEC33 /* AppDelegate.swift in Sources */,
			);
			runOnlyForDeploymentPostprocessing = 0;
		};
		D7078DC61DD9F89C006FEC33 /* Sources */ = {
			isa = PBXSourcesBuildPhase;
			buildActionMask = 2147483647;
			files = (
				D7078DCF1DD9F89C006FEC33 /* rogNoteTests.swift in Sources */,
			);
			runOnlyForDeploymentPostprocessing = 0;
		};
		D7078DD11DD9F89C006FEC33 /* Sources */ = {
			isa = PBXSourcesBuildPhase;
			buildActionMask = 2147483647;
			files = (
				D7078DDA1DD9F89C006FEC33 /* rogNoteUITests.swift in Sources */,
			);
			runOnlyForDeploymentPostprocessing = 0;
		};
/* End PBXSourcesBuildPhase section */

/* Begin PBXTargetDependency section */
		D7078DCC1DD9F89C006FEC33 /* PBXTargetDependency */ = {
			isa = PBXTargetDependency;
			target = D7078DB51DD9F89C006FEC33 /* rogNote */;
			targetProxy = D7078DCB1DD9F89C006FEC33 /* PBXContainerItemProxy */;
		};
		D7078DD71DD9F89C006FEC33 /* PBXTargetDependency */ = {
			isa = PBXTargetDependency;
			target = D7078DB51DD9F89C006FEC33 /* rogNote */;
			targetProxy = D7078DD61DD9F89C006FEC33 /* PBXContainerItemProxy */;
		};
/* End PBXTargetDependency section */

/* Begin PBXVariantGroup section */
		D7078DBD1DD9F89C006FEC33 /* Main.storyboard */ = {
			isa = PBXVariantGroup;
			children = (
				D7078DBE1DD9F89C006FEC33 /* Base */,
			);
			name = Main.storyboard;
			sourceTree = "<group>";
		};
		D7078DC21DD9F89C006FEC33 /* LaunchScreen.storyboard */ = {
			isa = PBXVariantGroup;
			children = (
				D7078DC31DD9F89C006FEC33 /* Base */,
			);
			name = LaunchScreen.storyboard;
			sourceTree = "<group>";
		};
/* End PBXVariantGroup section */

/* Begin XCBuildConfiguration section */
		D7078DDC1DD9F89C006FEC33 /* Debug */ = {
			isa = XCBuildConfiguration;
			buildSettings = {
				ALWAYS_SEARCH_USER_PATHS = NO;
				CLANG_ANALYZER_NONNULL = YES;
				CLANG_CXX_LANGUAGE_STANDARD = "gnu++0x";
				CLANG_CXX_LIBRARY = "libc++";
				CLANG_ENABLE_MODULES = YES;
				CLANG_ENABLE_OBJC_ARC = YES;
				CLANG_WARN_BOOL_CONVERSION = YES;
				CLANG_WARN_CONSTANT_CONVERSION = YES;
				CLANG_WARN_DIRECT_OBJC_ISA_USAGE = YES_ERROR;
				CLANG_WARN_DOCUMENTATION_COMMENTS = YES;
				CLANG_WARN_EMPTY_BODY = YES;
				CLANG_WARN_ENUM_CONVERSION = YES;
				CLANG_WARN_INFINITE_RECURSION = YES;
				CLANG_WARN_INT_CONVERSION = YES;
				CLANG_WARN_OBJC_ROOT_CLASS = YES_ERROR;
				CLANG_WARN_SUSPICIOUS_MOVES = YES;
				CLANG_WARN_UNREACHABLE_CODE = YES;
				CLANG_WARN__DUPLICATE_METHOD_MATCH = YES;
				"CODE_SIGN_IDENTITY[sdk=iphoneos*]" = "iPhone Developer";
				COPY_PHASE_STRIP = NO;
				DEBUG_INFORMATION_FORMAT = dwarf;
				ENABLE_STRICT_OBJC_MSGSEND = YES;
				ENABLE_TESTABILITY = YES;
				GCC_C_LANGUAGE_STANDARD = gnu99;
				GCC_DYNAMIC_NO_PIC = NO;
				GCC_NO_COMMON_BLOCKS = YES;
				GCC_OPTIMIZATION_LEVEL = 0;
				GCC_PREPROCESSOR_DEFINITIONS = (
					"DEBUG=1",
					"$(inherited)",
				);
				GCC_WARN_64_TO_32_BIT_CONVERSION = YES;
				GCC_WARN_ABOUT_RETURN_TYPE = YES_ERROR;
				GCC_WARN_UNDECLARED_SELECTOR = YES;
				GCC_WARN_UNINITIALIZED_AUTOS = YES_AGGRESSIVE;
				GCC_WARN_UNUSED_FUNCTION = YES;
				GCC_WARN_UNUSED_VARIABLE = YES;
				IPHONEOS_DEPLOYMENT_TARGET = 10.0;
				MTL_ENABLE_DEBUG_INFO = YES;
				ONLY_ACTIVE_ARCH = YES;
				SDKROOT = iphoneos;
				SWIFT_ACTIVE_COMPILATION_CONDITIONS = DEBUG;
				SWIFT_OPTIMIZATION_LEVEL = "-Onone";
				TARGETED_DEVICE_FAMILY = "1,2";
			};
			name = Debug;
		};
		D7078DDD1DD9F89C006FEC33 /* Release */ = {
			isa = XCBuildConfiguration;
			buildSettings = {
				ALWAYS_SEARCH_USER_PATHS = NO;
				CLANG_ANALYZER_NONNULL = YES;
				CLANG_CXX_LANGUAGE_STANDARD = "gnu++0x";
				CLANG_CXX_LIBRARY = "libc++";
				CLANG_ENABLE_MODULES = YES;
				CLANG_ENABLE_OBJC_ARC = YES;
				CLANG_WARN_BOOL_CONVERSION = YES;
				CLANG_WARN_CONSTANT_CONVERSION = YES;
				CLANG_WARN_DIRECT_OBJC_ISA_USAGE = YES_ERROR;
				CLANG_WARN_DOCUMENTATION_COMMENTS = YES;
				CLANG_WARN_EMPTY_BODY = YES;
				CLANG_WARN_ENUM_CONVERSION = YES;
				CLANG_WARN_INFINITE_RECURSION = YES;
				CLANG_WARN_INT_CONVERSION = YES;
				CLANG_WARN_OBJC_ROOT_CLASS = YES_ERROR;
				CLANG_WARN_SUSPICIOUS_MOVES = YES;
				CLANG_WARN_UNREACHABLE_CODE = YES;
				CLANG_WARN__DUPLICATE_METHOD_MATCH = YES;
				"CODE_SIGN_IDENTITY[sdk=iphoneos*]" = "iPhone Developer";
				COPY_PHASE_STRIP = NO;
				DEBUG_INFORMATION_FORMAT = "dwarf-with-dsym";
				ENABLE_NS_ASSERTIONS = NO;
				ENABLE_STRICT_OBJC_MSGSEND = YES;
				GCC_C_LANGUAGE_STANDARD = gnu99;
				GCC_NO_COMMON_BLOCKS = YES;
				GCC_WARN_64_TO_32_BIT_CONVERSION = YES;
				GCC_WARN_ABOUT_RETURN_TYPE = YES_ERROR;
				GCC_WARN_UNDECLARED_SELECTOR = YES;
				GCC_WARN_UNINITIALIZED_AUTOS = YES_AGGRESSIVE;
				GCC_WARN_UNUSED_FUNCTION = YES;
				GCC_WARN_UNUSED_VARIABLE = YES;
				IPHONEOS_DEPLOYMENT_TARGET = 10.0;
				MTL_ENABLE_DEBUG_INFO = NO;
				SDKROOT = iphoneos;
				SWIFT_OPTIMIZATION_LEVEL = "-Owholemodule";
				TARGETED_DEVICE_FAMILY = "1,2";
				VALIDATE_PRODUCT = YES;
			};
			name = Release;
		};
		D7078DDF1DD9F89C006FEC33 /* Debug */ = {
			isa = XCBuildConfiguration;
			buildSettings = {
				ASSETCATALOG_COMPILER_APPICON_NAME = AppIcon;
				INFOPLIST_FILE = rogNote/Info.plist;
				LD_RUNPATH_SEARCH_PATHS = "$(inherited) @executable_path/Frameworks";
				PRODUCT_BUNDLE_IDENTIFIER = com.kentosuzuki.rogNote;
				PRODUCT_NAME = "$(TARGET_NAME)";
				SWIFT_VERSION = 3.0;
			};
			name = Debug;
		};
		D7078DE01DD9F89C006FEC33 /* Release */ = {
			isa = XCBuildConfiguration;
			buildSettings = {
				ASSETCATALOG_COMPILER_APPICON_NAME = AppIcon;
				INFOPLIST_FILE = rogNote/Info.plist;
				LD_RUNPATH_SEARCH_PATHS = "$(inherited) @executable_path/Frameworks";
				PRODUCT_BUNDLE_IDENTIFIER = com.kentosuzuki.rogNote;
				PRODUCT_NAME = "$(TARGET_NAME)";
				SWIFT_VERSION = 3.0;
			};
			name = Release;
		};
		D7078DE21DD9F89C006FEC33 /* Debug */ = {
			isa = XCBuildConfiguration;
			buildSettings = {
				ALWAYS_EMBED_SWIFT_STANDARD_LIBRARIES = YES;
				BUNDLE_LOADER = "$(TEST_HOST)";
				INFOPLIST_FILE = rogNoteTests/Info.plist;
				LD_RUNPATH_SEARCH_PATHS = "$(inherited) @executable_path/Frameworks @loader_path/Frameworks";
				PRODUCT_BUNDLE_IDENTIFIER = com.kentosuzuki.rogNoteTests;
				PRODUCT_NAME = "$(TARGET_NAME)";
				SWIFT_VERSION = 3.0;
				TEST_HOST = "$(BUILT_PRODUCTS_DIR)/rogNote.app/rogNote";
			};
			name = Debug;
		};
		D7078DE31DD9F89C006FEC33 /* Release */ = {
			isa = XCBuildConfiguration;
			buildSettings = {
				ALWAYS_EMBED_SWIFT_STANDARD_LIBRARIES = YES;
				BUNDLE_LOADER = "$(TEST_HOST)";
				INFOPLIST_FILE = rogNoteTests/Info.plist;
				LD_RUNPATH_SEARCH_PATHS = "$(inherited) @executable_path/Frameworks @loader_path/Frameworks";
				PRODUCT_BUNDLE_IDENTIFIER = com.kentosuzuki.rogNoteTests;
				PRODUCT_NAME = "$(TARGET_NAME)";
				SWIFT_VERSION = 3.0;
				TEST_HOST = "$(BUILT_PRODUCTS_DIR)/rogNote.app/rogNote";
			};
			name = Release;
		};
		D7078DE51DD9F89C006FEC33 /* Debug */ = {
			isa = XCBuildConfiguration;
			buildSettings = {
				ALWAYS_EMBED_SWIFT_STANDARD_LIBRARIES = YES;
				INFOPLIST_FILE = rogNoteUITests/Info.plist;
				LD_RUNPATH_SEARCH_PATHS = "$(inherited) @executable_path/Frameworks @loader_path/Frameworks";
				PRODUCT_BUNDLE_IDENTIFIER = com.kentosuzuki.rogNoteUITests;
				PRODUCT_NAME = "$(TARGET_NAME)";
				SWIFT_VERSION = 3.0;
				TEST_TARGET_NAME = rogNote;
			};
			name = Debug;
		};
		D7078DE61DD9F89C006FEC33 /* Release */ = {
			isa = XCBuildConfiguration;
			buildSettings = {
				ALWAYS_EMBED_SWIFT_STANDARD_LIBRARIES = YES;
				INFOPLIST_FILE = rogNoteUITests/Info.plist;
				LD_RUNPATH_SEARCH_PATHS = "$(inherited) @executable_path/Frameworks @loader_path/Frameworks";
				PRODUCT_BUNDLE_IDENTIFIER = com.kentosuzuki.rogNoteUITests;
				PRODUCT_NAME = "$(TARGET_NAME)";
				SWIFT_VERSION = 3.0;
				TEST_TARGET_NAME = rogNote;
			};
			name = Release;
		};
/* End XCBuildConfiguration section */

/* Begin XCConfigurationList section */
		D7078DB11DD9F89C006FEC33 /* Build configuration list for PBXProject "rogNote" */ = {
			isa = XCConfigurationList;
			buildConfigurations = (
				D7078DDC1DD9F89C006FEC33 /* Debug */,
				D7078DDD1DD9F89C006FEC33 /* Release */,
			);
			defaultConfigurationIsVisible = 0;
			defaultConfigurationName = Release;
		};
		D7078DDE1DD9F89C006FEC33 /* Build configuration list for PBXNativeTarget "rogNote" */ = {
			isa = XCConfigurationList;
			buildConfigurations = (
				D7078DDF1DD9F89C006FEC33 /* Debug */,
				D7078DE01DD9F89C006FEC33 /* Release */,
			);
			defaultConfigurationIsVisible = 0;
		};
		D7078DE11DD9F89C006FEC33 /* Build configuration list for PBXNativeTarget "rogNoteTests" */ = {
			isa = XCConfigurationList;
			buildConfigurations = (
				D7078DE21DD9F89C006FEC33 /* Debug */,
				D7078DE31DD9F89C006FEC33 /* Release */,
			);
			defaultConfigurationIsVisible = 0;
		};
		D7078DE41DD9F89C006FEC33 /* Build configuration list for PBXNativeTarget "rogNoteUITests" */ = {
			isa = XCConfigurationList;
			buildConfigurations = (
				D7078DE51DD9F89C006FEC33 /* Debug */,
				D7078DE61DD9F89C006FEC33 /* Release */,
			);
			defaultConfigurationIsVisible = 0;
		};
/* End XCConfigurationList section */
	};
	rootObject = D7078DAE1DD9F89C006FEC33 /* Project object */;
}
