// !$*UTF8*$!
{
	archiveVersion = 1;
	classes = {
	};
	objectVersion = 46;
	objects = {

/* Begin PBXBuildFile section */
		D7078D801DD9F816006FEC33 /* AppDelegate.swift in Sources */ = {isa = PBXBuildFile; fileRef = D7078D7F1DD9F816006FEC33 /* AppDelegate.swift */; };
		D7078D821DD9F816006FEC33 /* ViewController.swift in Sources */ = {isa = PBXBuildFile; fileRef = D7078D811DD9F816006FEC33 /* ViewController.swift */; };
		D7078D851DD9F816006FEC33 /* Main.storyboard in Resources */ = {isa = PBXBuildFile; fileRef = D7078D831DD9F816006FEC33 /* Main.storyboard */; };
		D7078D871DD9F816006FEC33 /* Assets.xcassets in Resources */ = {isa = PBXBuildFile; fileRef = D7078D861DD9F816006FEC33 /* Assets.xcassets */; };
		D7078D8A1DD9F816006FEC33 /* LaunchScreen.storyboard in Resources */ = {isa = PBXBuildFile; fileRef = D7078D881DD9F816006FEC33 /* LaunchScreen.storyboard */; };
		D7078D951DD9F817006FEC33 /* topViewTests.swift in Sources */ = {isa = PBXBuildFile; fileRef = D7078D941DD9F817006FEC33 /* topViewTests.swift */; };
		D7078DA01DD9F817006FEC33 /* topViewUITests.swift in Sources */ = {isa = PBXBuildFile; fileRef = D7078D9F1DD9F817006FEC33 /* topViewUITests.swift */; };
		D7078E641DDAAB83006FEC33 /* rogNote2ViewController.swift in Sources */ = {isa = PBXBuildFile; fileRef = D7078E631DDAAB83006FEC33 /* rogNote2ViewController.swift */; };
		D7078F7E1DDEA62E006FEC33 /* myData.xcdatamodeld in Sources */ = {isa = PBXBuildFile; fileRef = D7078F7C1DDEA62E006FEC33 /* myData.xcdatamodeld */; };
		D756EED31DEBC92900DCEC1F /* improvementListViewController.swift in Sources */ = {isa = PBXBuildFile; fileRef = D756EED21DEBC92900DCEC1F /* improvementListViewController.swift */; };
		D756EED51DEBD78B00DCEC1F /* noteCheckViewController.swift in Sources */ = {isa = PBXBuildFile; fileRef = D756EED41DEBD78B00DCEC1F /* noteCheckViewController.swift */; };
		D756EED91DEEF19A00DCEC1F /* improvementCheckViewController.swift in Sources */ = {isa = PBXBuildFile; fileRef = D756EED81DEEF19A00DCEC1F /* improvementCheckViewController.swift */; };
		D756EEDB1DEFB97D00DCEC1F /* evaluationViewController.swift in Sources */ = {isa = PBXBuildFile; fileRef = D756EEDA1DEFB97D00DCEC1F /* evaluationViewController.swift */; };
		D7D3DD291DE7E4D2004E5671 /* noteListViewController.swift in Sources */ = {isa = PBXBuildFile; fileRef = D7D3DD281DE7E4D2004E5671 /* noteListViewController.swift */; };
		D7D3DD2C1DE7EBB6004E5671 /* Note+CoreDataClass.swift in Sources */ = {isa = PBXBuildFile; fileRef = D7D3DD2A1DE7EBB6004E5671 /* Note+CoreDataClass.swift */; };
		D7D3DD2D1DE7EBB6004E5671 /* Note+CoreDataProperties.swift in Sources */ = {isa = PBXBuildFile; fileRef = D7D3DD2B1DE7EBB6004E5671 /* Note+CoreDataProperties.swift */; };
/* End PBXBuildFile section */

/* Begin PBXContainerItemProxy section */
		D7078D911DD9F817006FEC33 /* PBXContainerItemProxy */ = {
			isa = PBXContainerItemProxy;
			containerPortal = D7078D741DD9F816006FEC33 /* Project object */;
			proxyType = 1;
			remoteGlobalIDString = D7078D7B1DD9F816006FEC33;
			remoteInfo = topView;
		};
		D7078D9C1DD9F817006FEC33 /* PBXContainerItemProxy */ = {
			isa = PBXContainerItemProxy;
			containerPortal = D7078D741DD9F816006FEC33 /* Project object */;
			proxyType = 1;
			remoteGlobalIDString = D7078D7B1DD9F816006FEC33;
			remoteInfo = topView;
		};
/* End PBXContainerItemProxy section */

/* Begin PBXFileReference section */
		D7078D7C1DD9F816006FEC33 /* topView.app */ = {isa = PBXFileReference; explicitFileType = wrapper.application; includeInIndex = 0; path = topView.app; sourceTree = BUILT_PRODUCTS_DIR; };
		D7078D7F1DD9F816006FEC33 /* AppDelegate.swift */ = {isa = PBXFileReference; lastKnownFileType = sourcecode.swift; path = AppDelegate.swift; sourceTree = "<group>"; };
		D7078D811DD9F816006FEC33 /* ViewController.swift */ = {isa = PBXFileReference; lastKnownFileType = sourcecode.swift; path = ViewController.swift; sourceTree = "<group>"; };
		D7078D841DD9F816006FEC33 /* Base */ = {isa = PBXFileReference; lastKnownFileType = file.storyboard; name = Base; path = Base.lproj/Main.storyboard; sourceTree = "<group>"; };
		D7078D861DD9F816006FEC33 /* Assets.xcassets */ = {isa = PBXFileReference; lastKnownFileType = folder.assetcatalog; path = Assets.xcassets; sourceTree = "<group>"; };
		D7078D891DD9F816006FEC33 /* Base */ = {isa = PBXFileReference; lastKnownFileType = file.storyboard; name = Base; path = Base.lproj/LaunchScreen.storyboard; sourceTree = "<group>"; };
		D7078D8B1DD9F816006FEC33 /* Info.plist */ = {isa = PBXFileReference; lastKnownFileType = text.plist.xml; path = Info.plist; sourceTree = "<group>"; };
		D7078D901DD9F817006FEC33 /* topViewTests.xctest */ = {isa = PBXFileReference; explicitFileType = wrapper.cfbundle; includeInIndex = 0; path = topViewTests.xctest; sourceTree = BUILT_PRODUCTS_DIR; };
		D7078D941DD9F817006FEC33 /* topViewTests.swift */ = {isa = PBXFileReference; lastKnownFileType = sourcecode.swift; path = topViewTests.swift; sourceTree = "<group>"; };
		D7078D961DD9F817006FEC33 /* Info.plist */ = {isa = PBXFileReference; lastKnownFileType = text.plist.xml; path = Info.plist; sourceTree = "<group>"; };
		D7078D9B1DD9F817006FEC33 /* topViewUITests.xctest */ = {isa = PBXFileReference; explicitFileType = wrapper.cfbundle; includeInIndex = 0; path = topViewUITests.xctest; sourceTree = BUILT_PRODUCTS_DIR; };
		D7078D9F1DD9F817006FEC33 /* topViewUITests.swift */ = {isa = PBXFileReference; lastKnownFileType = sourcecode.swift; path = topViewUITests.swift; sourceTree = "<group>"; };
		D7078DA11DD9F817006FEC33 /* Info.plist */ = {isa = PBXFileReference; lastKnownFileType = text.plist.xml; path = Info.plist; sourceTree = "<group>"; };
		D7078E631DDAAB83006FEC33 /* rogNote2ViewController.swift */ = {isa = PBXFileReference; fileEncoding = 4; lastKnownFileType = sourcecode.swift; path = rogNote2ViewController.swift; sourceTree = "<group>"; };
		D7078F7D1DDEA62E006FEC33 /* myData.xcdatamodel */ = {isa = PBXFileReference; lastKnownFileType = wrapper.xcdatamodel; path = myData.xcdatamodel; sourceTree = "<group>"; };
		D756EED21DEBC92900DCEC1F /* improvementListViewController.swift */ = {isa = PBXFileReference; fileEncoding = 4; lastKnownFileType = sourcecode.swift; path = improvementListViewController.swift; sourceTree = "<group>"; };
		D756EED41DEBD78B00DCEC1F /* noteCheckViewController.swift */ = {isa = PBXFileReference; fileEncoding = 4; lastKnownFileType = sourcecode.swift; path = noteCheckViewController.swift; sourceTree = "<group>"; };
		D756EED81DEEF19A00DCEC1F /* improvementCheckViewController.swift */ = {isa = PBXFileReference; fileEncoding = 4; lastKnownFileType = sourcecode.swift; path = improvementCheckViewController.swift; sourceTree = "<group>"; };
		D756EEDA1DEFB97D00DCEC1F /* evaluationViewController.swift */ = {isa = PBXFileReference; fileEncoding = 4; lastKnownFileType = sourcecode.swift; path = evaluationViewController.swift; sourceTree = "<group>"; };
		D7D3DD281DE7E4D2004E5671 /* noteListViewController.swift */ = {isa = PBXFileReference; fileEncoding = 4; lastKnownFileType = sourcecode.swift; path = noteListViewController.swift; sourceTree = "<group>"; };
		D7D3DD2A1DE7EBB6004E5671 /* Note+CoreDataClass.swift */ = {isa = PBXFileReference; fileEncoding = 4; lastKnownFileType = sourcecode.swift; path = "Note+CoreDataClass.swift"; sourceTree = "<group>"; };
		D7D3DD2B1DE7EBB6004E5671 /* Note+CoreDataProperties.swift */ = {isa = PBXFileReference; fileEncoding = 4; lastKnownFileType = sourcecode.swift; path = "Note+CoreDataProperties.swift"; sourceTree = "<group>"; };
/* End PBXFileReference section */

/* Begin PBXFrameworksBuildPhase section */
		D7078D791DD9F816006FEC33 /* Frameworks */ = {
			isa = PBXFrameworksBuildPhase;
			buildActionMask = 2147483647;
			files = (
			);
			runOnlyForDeploymentPostprocessing = 0;
		};
		D7078D8D1DD9F817006FEC33 /* Frameworks */ = {
			isa = PBXFrameworksBuildPhase;
			buildActionMask = 2147483647;
			files = (
			);
			runOnlyForDeploymentPostprocessing = 0;
		};
		D7078D981DD9F817006FEC33 /* Frameworks */ = {
			isa = PBXFrameworksBuildPhase;
			buildActionMask = 2147483647;
			files = (
			);
			runOnlyForDeploymentPostprocessing = 0;
		};
/* End PBXFrameworksBuildPhase section */

/* Begin PBXGroup section */
		D7078D731DD9F816006FEC33 = {
			isa = PBXGroup;
			children = (
				D7078D7E1DD9F816006FEC33 /* topView */,
				D7078D931DD9F817006FEC33 /* topViewTests */,
				D7078D9E1DD9F817006FEC33 /* topViewUITests */,
				D7078D7D1DD9F816006FEC33 /* Products */,
			);
			sourceTree = "<group>";
		};
		D7078D7D1DD9F816006FEC33 /* Products */ = {
			isa = PBXGroup;
			children = (
				D7078D7C1DD9F816006FEC33 /* topView.app */,
				D7078D901DD9F817006FEC33 /* topViewTests.xctest */,
				D7078D9B1DD9F817006FEC33 /* topViewUITests.xctest */,
			);
			name = Products;
			sourceTree = "<group>";
		};
		D7078D7E1DD9F816006FEC33 /* topView */ = {
			isa = PBXGroup;
			children = (
				D7D3DD2A1DE7EBB6004E5671 /* Note+CoreDataClass.swift */,
				D7D3DD2B1DE7EBB6004E5671 /* Note+CoreDataProperties.swift */,
				D7078D7F1DD9F816006FEC33 /* AppDelegate.swift */,
				D7078D811DD9F816006FEC33 /* ViewController.swift */,
				D7078D831DD9F816006FEC33 /* Main.storyboard */,
				D7078D861DD9F816006FEC33 /* Assets.xcassets */,
				D7078D881DD9F816006FEC33 /* LaunchScreen.storyboard */,
				D7078D8B1DD9F816006FEC33 /* Info.plist */,
				D7078F7C1DDEA62E006FEC33 /* myData.xcdatamodeld */,
				D7078E631DDAAB83006FEC33 /* rogNote2ViewController.swift */,
				D7D3DD281DE7E4D2004E5671 /* noteListViewController.swift */,
				D756EED41DEBD78B00DCEC1F /* noteCheckViewController.swift */,
				D756EED21DEBC92900DCEC1F /* improvementListViewController.swift */,
				D756EED81DEEF19A00DCEC1F /* improvementCheckViewController.swift */,
				D756EEDA1DEFB97D00DCEC1F /* evaluationViewController.swift */,
			);
			path = topView;
			sourceTree = "<group>";
		};
		D7078D931DD9F817006FEC33 /* topViewTests */ = {
			isa = PBXGroup;
			children = (
				D7078D941DD9F817006FEC33 /* topViewTests.swift */,
				D7078D961DD9F817006FEC33 /* Info.plist */,
			);
			path = topViewTests;
			sourceTree = "<group>";
		};
		D7078D9E1DD9F817006FEC33 /* topViewUITests */ = {
			isa = PBXGroup;
			children = (
				D7078D9F1DD9F817006FEC33 /* topViewUITests.swift */,
				D7078DA11DD9F817006FEC33 /* Info.plist */,
			);
			path = topViewUITests;
			sourceTree = "<group>";
		};
/* End PBXGroup section */

/* Begin PBXNativeTarget section */
		D7078D7B1DD9F816006FEC33 /* topView */ = {
			isa = PBXNativeTarget;
			buildConfigurationList = D7078DA41DD9F817006FEC33 /* Build configuration list for PBXNativeTarget "topView" */;
			buildPhases = (
				D7078D781DD9F816006FEC33 /* Sources */,
				D7078D791DD9F816006FEC33 /* Frameworks */,
				D7078D7A1DD9F816006FEC33 /* Resources */,
			);
			buildRules = (
			);
			dependencies = (
			);
			name = topView;
			productName = topView;
			productReference = D7078D7C1DD9F816006FEC33 /* topView.app */;
			productType = "com.apple.product-type.application";
		};
		D7078D8F1DD9F817006FEC33 /* topViewTests */ = {
			isa = PBXNativeTarget;
			buildConfigurationList = D7078DA71DD9F817006FEC33 /* Build configuration list for PBXNativeTarget "topViewTests" */;
			buildPhases = (
				D7078D8C1DD9F817006FEC33 /* Sources */,
				D7078D8D1DD9F817006FEC33 /* Frameworks */,
				D7078D8E1DD9F817006FEC33 /* Resources */,
			);
			buildRules = (
			);
			dependencies = (
				D7078D921DD9F817006FEC33 /* PBXTargetDependency */,
			);
			name = topViewTests;
			productName = topViewTests;
			productReference = D7078D901DD9F817006FEC33 /* topViewTests.xctest */;
			productType = "com.apple.product-type.bundle.unit-test";
		};
		D7078D9A1DD9F817006FEC33 /* topViewUITests */ = {
			isa = PBXNativeTarget;
			buildConfigurationList = D7078DAA1DD9F817006FEC33 /* Build configuration list for PBXNativeTarget "topViewUITests" */;
			buildPhases = (
				D7078D971DD9F817006FEC33 /* Sources */,
				D7078D981DD9F817006FEC33 /* Frameworks */,
				D7078D991DD9F817006FEC33 /* Resources */,
			);
			buildRules = (
			);
			dependencies = (
				D7078D9D1DD9F817006FEC33 /* PBXTargetDependency */,
			);
			name = topViewUITests;
			productName = topViewUITests;
			productReference = D7078D9B1DD9F817006FEC33 /* topViewUITests.xctest */;
			productType = "com.apple.product-type.bundle.ui-testing";
		};
/* End PBXNativeTarget section */

/* Begin PBXProject section */
		D7078D741DD9F816006FEC33 /* Project object */ = {
			isa = PBXProject;
			attributes = {
				LastSwiftUpdateCheck = 0800;
				LastUpgradeCheck = 0800;
				ORGANIZATIONNAME = "Kento Suzuki";
				TargetAttributes = {
					D7078D7B1DD9F816006FEC33 = {
						CreatedOnToolsVersion = 8.0;
						ProvisioningStyle = Automatic;
					};
					D7078D8F1DD9F817006FEC33 = {
						CreatedOnToolsVersion = 8.0;
						ProvisioningStyle = Automatic;
						TestTargetID = D7078D7B1DD9F816006FEC33;
					};
					D7078D9A1DD9F817006FEC33 = {
						CreatedOnToolsVersion = 8.0;
						ProvisioningStyle = Automatic;
						TestTargetID = D7078D7B1DD9F816006FEC33;
					};
				};
			};
			buildConfigurationList = D7078D771DD9F816006FEC33 /* Build configuration list for PBXProject "topView" */;
			compatibilityVersion = "Xcode 3.2";
			developmentRegion = English;
			hasScannedForEncodings = 0;
			knownRegions = (
				en,
				Base,
			);
			mainGroup = D7078D731DD9F816006FEC33;
			productRefGroup = D7078D7D1DD9F816006FEC33 /* Products */;
			projectDirPath = "";
			projectRoot = "";
			targets = (
				D7078D7B1DD9F816006FEC33 /* topView */,
				D7078D8F1DD9F817006FEC33 /* topViewTests */,
				D7078D9A1DD9F817006FEC33 /* topViewUITests */,
			);
		};
/* End PBXProject section */

/* Begin PBXResourcesBuildPhase section */
		D7078D7A1DD9F816006FEC33 /* Resources */ = {
			isa = PBXResourcesBuildPhase;
			buildActionMask = 2147483647;
			files = (
				D7078D8A1DD9F816006FEC33 /* LaunchScreen.storyboard in Resources */,
				D7078D871DD9F816006FEC33 /* Assets.xcassets in Resources */,
				D7078D851DD9F816006FEC33 /* Main.storyboard in Resources */,
			);
			runOnlyForDeploymentPostprocessing = 0;
		};
		D7078D8E1DD9F817006FEC33 /* Resources */ = {
			isa = PBXResourcesBuildPhase;
			buildActionMask = 2147483647;
			files = (
			);
			runOnlyForDeploymentPostprocessing = 0;
		};
		D7078D991DD9F817006FEC33 /* Resources */ = {
			isa = PBXResourcesBuildPhase;
			buildActionMask = 2147483647;
			files = (
			);
			runOnlyForDeploymentPostprocessing = 0;
		};
/* End PBXResourcesBuildPhase section */

/* Begin PBXSourcesBuildPhase section */
		D7078D781DD9F816006FEC33 /* Sources */ = {
			isa = PBXSourcesBuildPhase;
			buildActionMask = 2147483647;
			files = (
				D756EEDB1DEFB97D00DCEC1F /* evaluationViewController.swift in Sources */,
				D7D3DD291DE7E4D2004E5671 /* noteListViewController.swift in Sources */,
				D7D3DD2D1DE7EBB6004E5671 /* Note+CoreDataProperties.swift in Sources */,
				D7078E641DDAAB83006FEC33 /* rogNote2ViewController.swift in Sources */,
				D7078D821DD9F816006FEC33 /* ViewController.swift in Sources */,
				D756EED51DEBD78B00DCEC1F /* noteCheckViewController.swift in Sources */,
				D7D3DD2C1DE7EBB6004E5671 /* Note+CoreDataClass.swift in Sources */,
				D756EED91DEEF19A00DCEC1F /* improvementCheckViewController.swift in Sources */,
				D7078D801DD9F816006FEC33 /* AppDelegate.swift in Sources */,
				D7078F7E1DDEA62E006FEC33 /* myData.xcdatamodeld in Sources */,
				D756EED31DEBC92900DCEC1F /* improvementListViewController.swift in Sources */,
			);
			runOnlyForDeploymentPostprocessing = 0;
		};
		D7078D8C1DD9F817006FEC33 /* Sources */ = {
			isa = PBXSourcesBuildPhase;
			buildActionMask = 2147483647;
			files = (
				D7078D951DD9F817006FEC33 /* topViewTests.swift in Sources */,
			);
			runOnlyForDeploymentPostprocessing = 0;
		};
		D7078D971DD9F817006FEC33 /* Sources */ = {
			isa = PBXSourcesBuildPhase;
			buildActionMask = 2147483647;
			files = (
				D7078DA01DD9F817006FEC33 /* topViewUITests.swift in Sources */,
			);
			runOnlyForDeploymentPostprocessing = 0;
		};
/* End PBXSourcesBuildPhase section */

/* Begin PBXTargetDependency section */
		D7078D921DD9F817006FEC33 /* PBXTargetDependency */ = {
			isa = PBXTargetDependency;
			target = D7078D7B1DD9F816006FEC33 /* topView */;
			targetProxy = D7078D911DD9F817006FEC33 /* PBXContainerItemProxy */;
		};
		D7078D9D1DD9F817006FEC33 /* PBXTargetDependency */ = {
			isa = PBXTargetDependency;
			target = D7078D7B1DD9F816006FEC33 /* topView */;
			targetProxy = D7078D9C1DD9F817006FEC33 /* PBXContainerItemProxy */;
		};
/* End PBXTargetDependency section */

/* Begin PBXVariantGroup section */
		D7078D831DD9F816006FEC33 /* Main.storyboard */ = {
			isa = PBXVariantGroup;
			children = (
				D7078D841DD9F816006FEC33 /* Base */,
			);
			name = Main.storyboard;
			sourceTree = "<group>";
		};
		D7078D881DD9F816006FEC33 /* LaunchScreen.storyboard */ = {
			isa = PBXVariantGroup;
			children = (
				D7078D891DD9F816006FEC33 /* Base */,
			);
			name = LaunchScreen.storyboard;
			sourceTree = "<group>";
		};
/* End PBXVariantGroup section */

/* Begin XCBuildConfiguration section */
		D7078DA21DD9F817006FEC33 /* Debug */ = {
			isa = XCBuildConfiguration;
			buildSettings = {
				ALWAYS_SEARCH_USER_PATHS = NO;
				CLANG_ANALYZER_NONNULL = YES;
				CLANG_CXX_LANGUAGE_STANDARD = "gnu++0x";
				CLANG_CXX_LIBRARY = "libc++";
				CLANG_ENABLE_MODULES = YES;
				CLANG_ENABLE_OBJC_ARC = YES;
				CLANG_WARN_BOOL_CONVERSION = YES;
				CLANG_WARN_CONSTANT_CONVERSION = YES;
				CLANG_WARN_DIRECT_OBJC_ISA_USAGE = YES_ERROR;
				CLANG_WARN_DOCUMENTATION_COMMENTS = YES;
				CLANG_WARN_EMPTY_BODY = YES;
				CLANG_WARN_ENUM_CONVERSION = YES;
				CLANG_WARN_INFINITE_RECURSION = YES;
				CLANG_WARN_INT_CONVERSION = YES;
				CLANG_WARN_OBJC_ROOT_CLASS = YES_ERROR;
				CLANG_WARN_SUSPICIOUS_MOVES = YES;
				CLANG_WARN_UNREACHABLE_CODE = YES;
				CLANG_WARN__DUPLICATE_METHOD_MATCH = YES;
				"CODE_SIGN_IDENTITY[sdk=iphoneos*]" = "iPhone Developer";
				COPY_PHASE_STRIP = NO;
				DEBUG_INFORMATION_FORMAT = dwarf;
				ENABLE_STRICT_OBJC_MSGSEND = YES;
				ENABLE_TESTABILITY = YES;
				GCC_C_LANGUAGE_STANDARD = gnu99;
				GCC_DYNAMIC_NO_PIC = NO;
				GCC_NO_COMMON_BLOCKS = YES;
				GCC_OPTIMIZATION_LEVEL = 0;
				GCC_PREPROCESSOR_DEFINITIONS = (
					"DEBUG=1",
					"$(inherited)",
				);
				GCC_WARN_64_TO_32_BIT_CONVERSION = YES;
				GCC_WARN_ABOUT_RETURN_TYPE = YES_ERROR;
				GCC_WARN_UNDECLARED_SELECTOR = YES;
				GCC_WARN_UNINITIALIZED_AUTOS = YES_AGGRESSIVE;
				GCC_WARN_UNUSED_FUNCTION = YES;
				GCC_WARN_UNUSED_VARIABLE = YES;
				IPHONEOS_DEPLOYMENT_TARGET = 10.0;
				MTL_ENABLE_DEBUG_INFO = YES;
				ONLY_ACTIVE_ARCH = YES;
				SDKROOT = iphoneos;
				SWIFT_ACTIVE_COMPILATION_CONDITIONS = DEBUG;
				SWIFT_OPTIMIZATION_LEVEL = "-Onone";
				TARGETED_DEVICE_FAMILY = "1,2";
			};
			name = Debug;
		};
		D7078DA31DD9F817006FEC33 /* Release */ = {
			isa = XCBuildConfiguration;
			buildSettings = {
				ALWAYS_SEARCH_USER_PATHS = NO;
				CLANG_ANALYZER_NONNULL = YES;
				CLANG_CXX_LANGUAGE_STANDARD = "gnu++0x";
				CLANG_CXX_LIBRARY = "libc++";
				CLANG_ENABLE_MODULES = YES;
				CLANG_ENABLE_OBJC_ARC = YES;
				CLANG_WARN_BOOL_CONVERSION = YES;
				CLANG_WARN_CONSTANT_CONVERSION = YES;
				CLANG_WARN_DIRECT_OBJC_ISA_USAGE = YES_ERROR;
				CLANG_WARN_DOCUMENTATION_COMMENTS = YES;
				CLANG_WARN_EMPTY_BODY = YES;
				CLANG_WARN_ENUM_CONVERSION = YES;
				CLANG_WARN_INFINITE_RECURSION = YES;
				CLANG_WARN_INT_CONVERSION = YES;
				CLANG_WARN_OBJC_ROOT_CLASS = YES_ERROR;
				CLANG_WARN_SUSPICIOUS_MOVES = YES;
				CLANG_WARN_UNREACHABLE_CODE = YES;
				CLANG_WARN__DUPLICATE_METHOD_MATCH = YES;
				"CODE_SIGN_IDENTITY[sdk=iphoneos*]" = "iPhone Developer";
				COPY_PHASE_STRIP = NO;
				DEBUG_INFORMATION_FORMAT = "dwarf-with-dsym";
				ENABLE_NS_ASSERTIONS = NO;
				ENABLE_STRICT_OBJC_MSGSEND = YES;
				GCC_C_LANGUAGE_STANDARD = gnu99;
				GCC_NO_COMMON_BLOCKS = YES;
				GCC_WARN_64_TO_32_BIT_CONVERSION = YES;
				GCC_WARN_ABOUT_RETURN_TYPE = YES_ERROR;
				GCC_WARN_UNDECLARED_SELECTOR = YES;
				GCC_WARN_UNINITIALIZED_AUTOS = YES_AGGRESSIVE;
				GCC_WARN_UNUSED_FUNCTION = YES;
				GCC_WARN_UNUSED_VARIABLE = YES;
				IPHONEOS_DEPLOYMENT_TARGET = 10.0;
				MTL_ENABLE_DEBUG_INFO = NO;
				SDKROOT = iphoneos;
				SWIFT_OPTIMIZATION_LEVEL = "-Owholemodule";
				TARGETED_DEVICE_FAMILY = "1,2";
				VALIDATE_PRODUCT = YES;
			};
			name = Release;
		};
		D7078DA51DD9F817006FEC33 /* Debug */ = {
			isa = XCBuildConfiguration;
			buildSettings = {
				ASSETCATALOG_COMPILER_APPICON_NAME = AppIcon;
				INFOPLIST_FILE = topView/Info.plist;
				LD_RUNPATH_SEARCH_PATHS = "$(inherited) @executable_path/Frameworks";
				PRODUCT_BUNDLE_IDENTIFIER = com.kentosuzuki.topView;
				PRODUCT_NAME = "$(TARGET_NAME)";
				SWIFT_VERSION = 3.0;
			};
			name = Debug;
		};
		D7078DA61DD9F817006FEC33 /* Release */ = {
			isa = XCBuildConfiguration;
			buildSettings = {
				ASSETCATALOG_COMPILER_APPICON_NAME = AppIcon;
				INFOPLIST_FILE = topView/Info.plist;
				LD_RUNPATH_SEARCH_PATHS = "$(inherited) @executable_path/Frameworks";
				PRODUCT_BUNDLE_IDENTIFIER = com.kentosuzuki.topView;
				PRODUCT_NAME = "$(TARGET_NAME)";
				SWIFT_VERSION = 3.0;
			};
			name = Release;
		};
		D7078DA81DD9F817006FEC33 /* Debug */ = {
			isa = XCBuildConfiguration;
			buildSettings = {
				ALWAYS_EMBED_SWIFT_STANDARD_LIBRARIES = YES;
				BUNDLE_LOADER = "$(TEST_HOST)";
				INFOPLIST_FILE = topViewTests/Info.plist;
				LD_RUNPATH_SEARCH_PATHS = "$(inherited) @executable_path/Frameworks @loader_path/Frameworks";
				PRODUCT_BUNDLE_IDENTIFIER = com.kentosuzuki.topViewTests;
				PRODUCT_NAME = "$(TARGET_NAME)";
				SWIFT_VERSION = 3.0;
				TEST_HOST = "$(BUILT_PRODUCTS_DIR)/topView.app/topView";
			};
			name = Debug;
		};
		D7078DA91DD9F817006FEC33 /* Release */ = {
			isa = XCBuildConfiguration;
			buildSettings = {
				ALWAYS_EMBED_SWIFT_STANDARD_LIBRARIES = YES;
				BUNDLE_LOADER = "$(TEST_HOST)";
				INFOPLIST_FILE = topViewTests/Info.plist;
				LD_RUNPATH_SEARCH_PATHS = "$(inherited) @executable_path/Frameworks @loader_path/Frameworks";
				PRODUCT_BUNDLE_IDENTIFIER = com.kentosuzuki.topViewTests;
				PRODUCT_NAME = "$(TARGET_NAME)";
				SWIFT_VERSION = 3.0;
				TEST_HOST = "$(BUILT_PRODUCTS_DIR)/topView.app/topView";
			};
			name = Release;
		};
		D7078DAB1DD9F817006FEC33 /* Debug */ = {
			isa = XCBuildConfiguration;
			buildSettings = {
				ALWAYS_EMBED_SWIFT_STANDARD_LIBRARIES = YES;
				INFOPLIST_FILE = topViewUITests/Info.plist;
				LD_RUNPATH_SEARCH_PATHS = "$(inherited) @executable_path/Frameworks @loader_path/Frameworks";
				PRODUCT_BUNDLE_IDENTIFIER = com.kentosuzuki.topViewUITests;
				PRODUCT_NAME = "$(TARGET_NAME)";
				SWIFT_VERSION = 3.0;
				TEST_TARGET_NAME = topView;
			};
			name = Debug;
		};
		D7078DAC1DD9F817006FEC33 /* Release */ = {
			isa = XCBuildConfiguration;
			buildSettings = {
				ALWAYS_EMBED_SWIFT_STANDARD_LIBRARIES = YES;
				INFOPLIST_FILE = topViewUITests/Info.plist;
				LD_RUNPATH_SEARCH_PATHS = "$(inherited) @executable_path/Frameworks @loader_path/Frameworks";
				PRODUCT_BUNDLE_IDENTIFIER = com.kentosuzuki.topViewUITests;
				PRODUCT_NAME = "$(TARGET_NAME)";
				SWIFT_VERSION = 3.0;
				TEST_TARGET_NAME = topView;
			};
			name = Release;
		};
/* End XCBuildConfiguration section */

/* Begin XCConfigurationList section */
		D7078D771DD9F816006FEC33 /* Build configuration list for PBXProject "topView" */ = {
			isa = XCConfigurationList;
			buildConfigurations = (
				D7078DA21DD9F817006FEC33 /* Debug */,
				D7078DA31DD9F817006FEC33 /* Release */,
			);
			defaultConfigurationIsVisible = 0;
			defaultConfigurationName = Release;
		};
		D7078DA41DD9F817006FEC33 /* Build configuration list for PBXNativeTarget "topView" */ = {
			isa = XCConfigurationList;
			buildConfigurations = (
				D7078DA51DD9F817006FEC33 /* Debug */,
				D7078DA61DD9F817006FEC33 /* Release */,
			);
			defaultConfigurationIsVisible = 0;
			defaultConfigurationName = Release;
		};
		D7078DA71DD9F817006FEC33 /* Build configuration list for PBXNativeTarget "topViewTests" */ = {
			isa = XCConfigurationList;
			buildConfigurations = (
				D7078DA81DD9F817006FEC33 /* Debug */,
				D7078DA91DD9F817006FEC33 /* Release */,
			);
			defaultConfigurationIsVisible = 0;
			defaultConfigurationName = Release;
		};
		D7078DAA1DD9F817006FEC33 /* Build configuration list for PBXNativeTarget "topViewUITests" */ = {
			isa = XCConfigurationList;
			buildConfigurations = (
				D7078DAB1DD9F817006FEC33 /* Debug */,
				D7078DAC1DD9F817006FEC33 /* Release */,
			);
			defaultConfigurationIsVisible = 0;
			defaultConfigurationName = Release;
		};
/* End XCConfigurationList section */

/* Begin XCVersionGroup section */
		D7078F7C1DDEA62E006FEC33 /* myData.xcdatamodeld */ = {
			isa = XCVersionGroup;
			children = (
				D7078F7D1DDEA62E006FEC33 /* myData.xcdatamodel */,
			);
			currentVersion = D7078F7D1DDEA62E006FEC33 /* myData.xcdatamodel */;
			path = myData.xcdatamodeld;
			sourceTree = "<group>";
			versionGroupType = wrapper.xcdatamodel;
		};
/* End XCVersionGroup section */
	};
	rootObject = D7078D741DD9F816006FEC33 /* Project object */;
}
